<?xml version="1.0" encoding="utf-8"?>
<Project ToolsVersion="4.0" xmlns="http://schemas.microsoft.com/developer/msbuild/2003">
  <ItemGroup>
    <Filter Include="资源文件">
      <UniqueIdentifier>{67DA6AB6-F800-4c08-8B7A-83BB121AAD01}</UniqueIdentifier>
      <Extensions>rc;ico;cur;bmp;dlg;rc2;rct;bin;rgs;gif;jpg;jpeg;jpe;resx;tiff;tif;png;wav;mfcribbon-ms</Extensions>
    </Filter>
    <Filter Include="src">
      <UniqueIdentifier>{4FC737F1-C7A5-4376-A066-2A32D752A2FF}</UniqueIdentifier>
      <Extensions>cpp;c;cc;cxx;c++;cppm;ixx;def;odl;idl;hpj;bat;asm;asmx</Extensions>
    </Filter>
    <Filter Include="src\event">
      <UniqueIdentifier>{f5c68f19-1c2d-4dcf-adf7-726f54753311}</UniqueIdentifier>
    </Filter>
    <Filter Include="src\shape">
      <UniqueIdentifier>{e7afad4d-9071-4ab7-b9aa-aa65877c3574}</UniqueIdentifier>
    </Filter>
    <Filter Include="src\object">
      <UniqueIdentifier>{51334935-77bc-4189-9923-e084a073e004}</UniqueIdentifier>
    </Filter>
    <Filter Include="src\public">
      <UniqueIdentifier>{2f53a72e-90bf-4854-bf12-a69195c50d1d}</UniqueIdentifier>
    </Filter>
    <Filter Include="src\windowless">
      <UniqueIdentifier>{16d590ab-2399-4545-9a5e-2a9b3b36880a}</UniqueIdentifier>
    </Filter>
    <Filter Include="src\test">
      <UniqueIdentifier>{46af3a54-f7ae-488d-a1c7-86525cdcfa8d}</UniqueIdentifier>
    </Filter>
  </ItemGroup>
  <ItemGroup>
    <ClCompile Include="main.cpp">
      <Filter>src</Filter>
    </ClCompile>
    <ClCompile Include="buttonEvent.cpp">
      <Filter>src\event</Filter>
    </ClCompile>
    <ClCompile Include="event.cpp">
      <Filter>src\event</Filter>
    </ClCompile>
    <ClCompile Include="eventLoop.cpp">
      <Filter>src\event</Filter>
    </ClCompile>
    <ClCompile Include="mouseEvent.cpp">
      <Filter>src\event</Filter>
    </ClCompile>
    <ClCompile Include="paintEvent.cpp">
      <Filter>src\event</Filter>
    </ClCompile>
    <ClCompile Include="wndProc.cpp">
      <Filter>src\event</Filter>
    </ClCompile>
    <ClCompile Include="line.cpp">
      <Filter>src\shape</Filter>
    </ClCompile>
    <ClCompile Include="shape.cpp">
      <Filter>src\shape</Filter>
    </ClCompile>
    <ClCompile Include="rectangle.cpp">
      <Filter>src\shape</Filter>
    </ClCompile>
    <ClCompile Include="button.cpp">
      <Filter>src\object</Filter>
    </ClCompile>
    <ClCompile Include="object.cpp">
      <Filter>src\object</Filter>
    </ClCompile>
    <ClCompile Include="WindowWidget.cpp">
      <Filter>src\object</Filter>
    </ClCompile>
    <ClCompile Include="toolBar.cpp">
      <Filter>src\object</Filter>
    </ClCompile>
    <ClCompile Include="toolBarBtn.cpp">
      <Filter>src\object</Filter>
    </ClCompile>
    <ClCompile Include="widget.cpp">
      <Filter>src\object</Filter>
    </ClCompile>
    <ClCompile Include="painter.cpp">
      <Filter>src\public</Filter>
    </ClCompile>
    <ClCompile Include="point.cpp">
      <Filter>src\public</Filter>
    </ClCompile>
    <ClCompile Include="windowLessWidget.cpp">
      <Filter>src\windowless</Filter>
    </ClCompile>
    <ClCompile Include="size.cpp">
      <Filter>src\public</Filter>
    </ClCompile>
    <ClCompile Include="showObject.cpp">
      <Filter>src\object</Filter>
    </ClCompile>
    <ClCompile Include="drawer.cpp">
      <Filter>src</Filter>
    </ClCompile>
    <ClCompile Include="test.cpp">
      <Filter>src\test</Filter>
    </ClCompile>
    <ClCompile Include="WindowLessAction.cpp">
      <Filter>src\windowless</Filter>
    </ClCompile>
  </ItemGroup>
  <ItemGroup>
    <ClInclude Include="buttonEvent.h">
      <Filter>src\event</Filter>
    </ClInclude>
    <ClInclude Include="event.h">
      <Filter>src\event</Filter>
    </ClInclude>
    <ClInclude Include="eventLoop.h">
      <Filter>src\event</Filter>
    </ClInclude>
    <ClInclude Include="mouseEvent.h">
      <Filter>src\event</Filter>
    </ClInclude>
    <ClInclude Include="paintEvent.h">
      <Filter>src\event</Filter>
    </ClInclude>
    <ClInclude Include="wndProc.h">
      <Filter>src\event</Filter>
    </ClInclude>
    <ClInclude Include="button.h">
      <Filter>src\object</Filter>
    </ClInclude>
    <ClInclude Include="object.h">
      <Filter>src\object</Filter>
    </ClInclude>
    <ClInclude Include="WindowWidget.h">
      <Filter>src\object</Filter>
    </ClInclude>
    <ClInclude Include="toolBar.h">
      <Filter>src\object</Filter>
    </ClInclude>
    <ClInclude Include="toolBarBtn.h">
      <Filter>src\object</Filter>
    </ClInclude>
    <ClInclude Include="widget.h">
      <Filter>src\object</Filter>
    </ClInclude>
    <ClInclude Include="line.h">
      <Filter>src\shape</Filter>
    </ClInclude>
    <ClInclude Include="rectangle.h">
      <Filter>src\shape</Filter>
    </ClInclude>
    <ClInclude Include="shape.h">
      <Filter>src\shape</Filter>
    </ClInclude>
    <ClInclude Include="resource.h">
      <Filter>src</Filter>
    </ClInclude>
    <ClInclude Include="painter.h">
      <Filter>src\public</Filter>
    </ClInclude>
    <ClInclude Include="point.h">
      <Filter>src\public</Filter>
    </ClInclude>
    <ClInclude Include="windowLessWidget.h">
      <Filter>src\windowless</Filter>
    </ClInclude>
    <ClInclude Include="size.h">
      <Filter>src\public</Filter>
    </ClInclude>
    <ClInclude Include="showObject.h">
      <Filter>src\object</Filter>
    </ClInclude>
    <ClInclude Include="drawer.h">
      <Filter>src</Filter>
    </ClInclude>
    <ClInclude Include="test.h">
      <Filter>src\test</Filter>
    </ClInclude>
    <ClInclude Include="WindowLessAction.h">
      <Filter>src\windowless</Filter>
    </ClInclude>
  </ItemGroup>
  <ItemGroup>
    <ResourceCompile Include="Drawer.rc">
      <Filter>资源文件</Filter>
    </ResourceCompile>
  </ItemGroup>
</Project>